
Microsoft Visual Studio Solution File, Format Version 12.00
# Visual Studio Version 16
VisualStudioVersion = 16.0.30406.217
MinimumVisualStudioVersion = 10.0.40219.1
Project("{FAE04EC0-301F-11D3-BF4B-00C04F79EFBC}") = "Trabajo En Clases 07-08-2020", "Trabajo En Clases 07-08-2020\Trabajo En Clases 07-08-2020.csproj", "{E444E942-BE8F-4A71-9BB9-469898CB742F}"
EndProject
Project("{FAE04EC0-301F-11D3-BF4B-00C04F79EFBC}") = "DO", "DO\DO.csproj", "{B0E91EBB-5103-45E7-8F4F-2F4C4590BB4A}"
EndProject
Project("{FAE04EC0-301F-11D3-BF4B-00C04F79EFBC}") = "DAL", "DAL\DAL.csproj", "{4CBB08B2-3612-4859-B8C7-0B887490F499}"
EndProject
Global
	GlobalSection(SolutionConfigurationPlatforms) = preSolution
		Debug|Any CPU = Debug|Any CPU
		Release|Any CPU = Release|Any CPU
	EndGlobalSection
	GlobalSection(ProjectConfigurationPlatforms) = postSolution
		{E444E942-BE8F-4A71-9BB9-469898CB742F}.Debug|Any CPU.ActiveCfg = Debug|Any CPU
		{E444E942-BE8F-4A71-9BB9-469898CB742F}.Debug|Any CPU.Build.0 = Debug|Any CPU
		{E444E942-BE8F-4A71-9BB9-469898CB742F}.Release|Any CPU.ActiveCfg = Release|Any CPU
		{E444E942-BE8F-4A71-9BB9-469898CB742F}.Release|Any CPU.Build.0 = Release|Any CPU
		{B0E91EBB-5103-45E7-8F4F-2F4C4590BB4A}.Debug|Any CPU.ActiveCfg = Debug|Any CPU
		{B0E91EBB-5103-45E7-8F4F-2F4C4590BB4A}.Debug|Any CPU.Build.0 = Debug|Any CPU
		{B0E91EBB-5103-45E7-8F4F-2F4C4590BB4A}.Release|Any CPU.ActiveCfg = Release|Any CPU
		{B0E91EBB-5103-45E7-8F4F-2F4C4590BB4A}.Release|Any CPU.Build.0 = Release|Any CPU
		{4CBB08B2-3612-4859-B8C7-0B887490F499}.Debug|Any CPU.ActiveCfg = Debug|Any CPU
		{4CBB08B2-3612-4859-B8C7-0B887490F499}.Debug|Any CPU.Build.0 = Debug|Any CPU
		{4CBB08B2-3612-4859-B8C7-0B887490F499}.Release|Any CPU.ActiveCfg = Release|Any CPU
		{4CBB08B2-3612-4859-B8C7-0B887490F499}.Release|Any CPU.Build.0 = Release|Any CPU
	EndGlobalSection
	GlobalSection(SolutionProperties) = preSolution
		HideSolutionNode = FALSE
	EndGlobalSection
	GlobalSection(ExtensibilityGlobals) = postSolution
		SolutionGuid = {570F4265-B9A3-4895-AC17-13610179602B}
	EndGlobalSection
EndGlobal
